
Microsoft Visual Studio Solution File, Format Version 12.00
# Visual Studio 15
VisualStudioVersion = 15.0.27004.2009
MinimumVisualStudioVersion = 10.0.40219.1
Project("{FAE04EC0-301F-11D3-BF4B-00C04F79EFBC}") = "AppPengarsipan", "AppPengarsipan\AppPengarsipan.csproj", "{BD8DA15B-17A9-4575-B795-5A3064056AA5}"
EndProject
Global
	GlobalSection(SolutionConfigurationPlatforms) = preSolution
		Debug|Any CPU = Debug|Any CPU
		Release|Any CPU = Release|Any CPU
	EndGlobalSection
	GlobalSection(ProjectConfigurationPlatforms) = postSolution
		{BD8DA15B-17A9-4575-B795-5A3064056AA5}.Debug|Any CPU.ActiveCfg = Debug|Any CPU
		{BD8DA15B-17A9-4575-B795-5A3064056AA5}.Debug|Any CPU.Build.0 = Debug|Any CPU
		{BD8DA15B-17A9-4575-B795-5A3064056AA5}.Release|Any CPU.ActiveCfg = Release|Any CPU
		{BD8DA15B-17A9-4575-B795-5A3064056AA5}.Release|Any CPU.Build.0 = Release|Any CPU
	EndGlobalSection
	GlobalSection(SolutionProperties) = preSolution
		HideSolutionNode = FALSE
	EndGlobalSection
	GlobalSection(ExtensibilityGlobals) = postSolution
		SolutionGuid = {BB10731F-25B0-45A3-9B28-7A8D05599EFA}
	EndGlobalSection
EndGlobal
